
Microsoft Visual Studio Solution File, Format Version 12.00
# Visual Studio 2012
Project("{2150E333-8FDC-42A3-9474-1A3956D46DE8}") = "data", "data", "{3B87CA1E-85FA-456C-ADF0-6B53AFF9EE9E}"
EndProject
Project("{2150E333-8FDC-42A3-9474-1A3956D46DE8}") = "domain", "domain", "{6A5C4C61-BE33-460B-BAF5-7E74DCFE7317}"
EndProject
Project("{FAE04EC0-301F-11D3-BF4B-00C04F79EFBC}") = "Yintai.Hangzhou.Data", "Yintai.Hangzhou.Data\Yintai.Hangzhou.Data.csproj", "{B07CEC69-B35A-4435-9E83-D7AD4E1F236E}"
EndProject
Project("{FAE04EC0-301F-11D3-BF4B-00C04F79EFBC}") = "Yintai.Hangzhou.Model", "Yintai.Hangzhou.Model\Yintai.Hangzhou.Model.csproj", "{173FF5C0-5631-47AD-AF9E-16442858C080}"
EndProject
Project("{FAE04EC0-301F-11D3-BF4B-00C04F79EFBC}") = "Yintai.Hangzhou.Contract", "Yintai.Hangzhou.Contract\Yintai.Hangzhou.Contract.csproj", "{11F8922E-2EEB-4229-BA7C-1D44843C4EDA}"
EndProject
Project("{FAE04EC0-301F-11D3-BF4B-00C04F79EFBC}") = "Yintai.Hangzhou.Service", "Yintai.Hangzhou.Service\Yintai.Hangzhou.Service.csproj", "{193902DC-242C-4DBA-B173-EE154E813C4B}"
EndProject
Project("{FAE04EC0-301F-11D3-BF4B-00C04F79EFBC}") = "Yintai.Hangzhou.Repository", "Yintai.Hangzhou.Repository\Yintai.Hangzhou.Repository.csproj", "{82BE109A-483E-40BF-98B8-A555BCA86111}"
EndProject
Project("{FAE04EC0-301F-11D3-BF4B-00C04F79EFBC}") = "Yintai.Hangzhou.WebApi", "Yintai.Hangzhou.WebApi\Yintai.Hangzhou.WebApi.csproj", "{3A1B5C84-F8E4-46D6-9D25-81CFE1AF27C1}"
EndProject
Project("{FAE04EC0-301F-11D3-BF4B-00C04F79EFBC}") = "Yintai.Hangzhou.WebApiCore", "Yintai.Hangzhou.WebApiCore\Yintai.Hangzhou.WebApiCore.csproj", "{9EBD5D9A-F4DC-4A75-8348-BCE676C5C795}"
EndProject
Project("{2150E333-8FDC-42A3-9474-1A3956D46DE8}") = "web", "web", "{2C42D1E9-A0E8-4E96-BE75-578C5848C625}"
EndProject
Project("{2150E333-8FDC-42A3-9474-1A3956D46DE8}") = "admin", "admin", "{DD11E326-149A-43DC-9591-9C281F55C3A9}"
EndProject
Project("{2150E333-8FDC-42A3-9474-1A3956D46DE8}") = "api", "api", "{C663D999-757F-442B-B755-904A56634F40}"
EndProject
Project("{FAE04EC0-301F-11D3-BF4B-00C04F79EFBC}") = "Yintai.Hangzhou.WebSupport", "Yintai.Hangzhou.WebAppSupport\Yintai.Hangzhou.WebSupport.csproj", "{A2E82216-56CC-45BF-B671-DB8CC464D573}"
EndProject
Project("{FAE04EC0-301F-11D3-BF4B-00C04F79EFBC}") = "Yintai.Architecture.FileUploadServer", "Yintai.Architecture.FileUploadServer\Yintai.Architecture.FileUploadServer.csproj", "{93E896A8-D229-4422-B31B-DF2F2403728E}"
EndProject
Project("{2150E333-8FDC-42A3-9474-1A3956D46DE8}") = "services", "services", "{32D121FF-079E-402E-9A1E-C1049913BEF9}"
EndProject
Project("{2150E333-8FDC-42A3-9474-1A3956D46DE8}") = "common", "common", "{E958B8C0-AC89-400A-83F9-BB239A2DCD93}"
EndProject
Project("{FAE04EC0-301F-11D3-BF4B-00C04F79EFBC}") = "com.intime.fashion.common", "com.intime.fashion.common\com.intime.fashion.common.csproj", "{6992FFB6-C70D-4F8A-A03A-4F663FA370F4}"
EndProject
Project("{FAE04EC0-301F-11D3-BF4B-00C04F79EFBC}") = "com.intime.jobscheduler", "com.intime.jobscheduler\com.intime.jobscheduler.csproj", "{0F72CED6-CDD5-4F97-BB8B-CDB54FC1BEF6}"
EndProject
Project("{FAE04EC0-301F-11D3-BF4B-00C04F79EFBC}") = "Yintai.Architecture.Framework", "Yintai.Architecture.Framework\Yintai.Architecture.Framework\Yintai.Architecture.Framework.csproj", "{11D4830C-FD83-48B8-96DE-6F51C9C2576C}"
EndProject
Project("{FAE04EC0-301F-11D3-BF4B-00C04F79EFBC}") = "Yintai.Architecture.Common", "Yintai.Architecture.Framework\Yintai.Architecture.Common\Yintai.Architecture.Common.csproj", "{59E0C0A8-622A-498A-AC66-1C9E0588C74C}"
EndProject
Project("{FAE04EC0-301F-11D3-BF4B-00C04F79EFBC}") = "com.intime.fashion.data.erp", "com.intime.fashion.data\com.intime.fashion.data.erp.csproj", "{B224C596-53F1-48A6-948F-DF3CD2ACD15D}"
EndProject
Project("{FAE04EC0-301F-11D3-BF4B-00C04F79EFBC}") = "CMS", "CMS\CMS.csproj", "{F20D05CE-1EEE-4DE6-A457-37CEEFB39EEC}"
EndProject
Global
	GlobalSection(SolutionConfigurationPlatforms) = preSolution
		Debug|Any CPU = Debug|Any CPU
		Debug|Mixed Platforms = Debug|Mixed Platforms
		Debug|Win32 = Debug|Win32
		Release|Any CPU = Release|Any CPU
		Release|Mixed Platforms = Release|Mixed Platforms
		Release|Win32 = Release|Win32
	EndGlobalSection
	GlobalSection(ProjectConfigurationPlatforms) = postSolution
		{B07CEC69-B35A-4435-9E83-D7AD4E1F236E}.Debug|Any CPU.ActiveCfg = Debug|Any CPU
		{B07CEC69-B35A-4435-9E83-D7AD4E1F236E}.Debug|Any CPU.Build.0 = Debug|Any CPU
		{B07CEC69-B35A-4435-9E83-D7AD4E1F236E}.Debug|Mixed Platforms.ActiveCfg = Debug|Any CPU
		{B07CEC69-B35A-4435-9E83-D7AD4E1F236E}.Debug|Mixed Platforms.Build.0 = Debug|Any CPU
		{B07CEC69-B35A-4435-9E83-D7AD4E1F236E}.Debug|Win32.ActiveCfg = Debug|Any CPU
		{B07CEC69-B35A-4435-9E83-D7AD4E1F236E}.Release|Any CPU.ActiveCfg = Release|Any CPU
		{B07CEC69-B35A-4435-9E83-D7AD4E1F236E}.Release|Any CPU.Build.0 = Release|Any CPU
		{B07CEC69-B35A-4435-9E83-D7AD4E1F236E}.Release|Mixed Platforms.ActiveCfg = Release|Any CPU
		{B07CEC69-B35A-4435-9E83-D7AD4E1F236E}.Release|Mixed Platforms.Build.0 = Release|Any CPU
		{B07CEC69-B35A-4435-9E83-D7AD4E1F236E}.Release|Win32.ActiveCfg = Release|Any CPU
		{173FF5C0-5631-47AD-AF9E-16442858C080}.Debug|Any CPU.ActiveCfg = Debug|Any CPU
		{173FF5C0-5631-47AD-AF9E-16442858C080}.Debug|Any CPU.Build.0 = Debug|Any CPU
		{173FF5C0-5631-47AD-AF9E-16442858C080}.Debug|Mixed Platforms.ActiveCfg = Debug|Any CPU
		{173FF5C0-5631-47AD-AF9E-16442858C080}.Debug|Mixed Platforms.Build.0 = Debug|Any CPU
		{173FF5C0-5631-47AD-AF9E-16442858C080}.Debug|Win32.ActiveCfg = Debug|Any CPU
		{173FF5C0-5631-47AD-AF9E-16442858C080}.Release|Any CPU.ActiveCfg = Release|Any CPU
		{173FF5C0-5631-47AD-AF9E-16442858C080}.Release|Any CPU.Build.0 = Release|Any CPU
		{173FF5C0-5631-47AD-AF9E-16442858C080}.Release|Mixed Platforms.ActiveCfg = Release|Any CPU
		{173FF5C0-5631-47AD-AF9E-16442858C080}.Release|Mixed Platforms.Build.0 = Release|Any CPU
		{173FF5C0-5631-47AD-AF9E-16442858C080}.Release|Win32.ActiveCfg = Release|Any CPU
		{11F8922E-2EEB-4229-BA7C-1D44843C4EDA}.Debug|Any CPU.ActiveCfg = Debug|Any CPU
		{11F8922E-2EEB-4229-BA7C-1D44843C4EDA}.Debug|Any CPU.Build.0 = Debug|Any CPU
		{11F8922E-2EEB-4229-BA7C-1D44843C4EDA}.Debug|Mixed Platforms.ActiveCfg = Debug|Any CPU
		{11F8922E-2EEB-4229-BA7C-1D44843C4EDA}.Debug|Mixed Platforms.Build.0 = Debug|Any CPU
		{11F8922E-2EEB-4229-BA7C-1D44843C4EDA}.Debug|Win32.ActiveCfg = Debug|Any CPU
		{11F8922E-2EEB-4229-BA7C-1D44843C4EDA}.Release|Any CPU.ActiveCfg = Release|Any CPU
		{11F8922E-2EEB-4229-BA7C-1D44843C4EDA}.Release|Any CPU.Build.0 = Release|Any CPU
		{11F8922E-2EEB-4229-BA7C-1D44843C4EDA}.Release|Mixed Platforms.ActiveCfg = Release|Any CPU
		{11F8922E-2EEB-4229-BA7C-1D44843C4EDA}.Release|Mixed Platforms.Build.0 = Release|Any CPU
		{11F8922E-2EEB-4229-BA7C-1D44843C4EDA}.Release|Win32.ActiveCfg = Release|Any CPU
		{193902DC-242C-4DBA-B173-EE154E813C4B}.Debug|Any CPU.ActiveCfg = Debug|Any CPU
		{193902DC-242C-4DBA-B173-EE154E813C4B}.Debug|Any CPU.Build.0 = Debug|Any CPU
		{193902DC-242C-4DBA-B173-EE154E813C4B}.Debug|Mixed Platforms.ActiveCfg = Debug|Any CPU
		{193902DC-242C-4DBA-B173-EE154E813C4B}.Debug|Mixed Platforms.Build.0 = Debug|Any CPU
		{193902DC-242C-4DBA-B173-EE154E813C4B}.Debug|Win32.ActiveCfg = Debug|Any CPU
		{193902DC-242C-4DBA-B173-EE154E813C4B}.Release|Any CPU.ActiveCfg = Release|Any CPU
		{193902DC-242C-4DBA-B173-EE154E813C4B}.Release|Any CPU.Build.0 = Release|Any CPU
		{193902DC-242C-4DBA-B173-EE154E813C4B}.Release|Mixed Platforms.ActiveCfg = Release|Any CPU
		{193902DC-242C-4DBA-B173-EE154E813C4B}.Release|Mixed Platforms.Build.0 = Release|Any CPU
		{193902DC-242C-4DBA-B173-EE154E813C4B}.Release|Win32.ActiveCfg = Release|Any CPU
		{82BE109A-483E-40BF-98B8-A555BCA86111}.Debug|Any CPU.ActiveCfg = Debug|Any CPU
		{82BE109A-483E-40BF-98B8-A555BCA86111}.Debug|Any CPU.Build.0 = Debug|Any CPU
		{82BE109A-483E-40BF-98B8-A555BCA86111}.Debug|Mixed Platforms.ActiveCfg = Debug|Any CPU
		{82BE109A-483E-40BF-98B8-A555BCA86111}.Debug|Mixed Platforms.Build.0 = Debug|Any CPU
		{82BE109A-483E-40BF-98B8-A555BCA86111}.Debug|Win32.ActiveCfg = Debug|Any CPU
		{82BE109A-483E-40BF-98B8-A555BCA86111}.Release|Any CPU.ActiveCfg = Release|Any CPU
		{82BE109A-483E-40BF-98B8-A555BCA86111}.Release|Any CPU.Build.0 = Release|Any CPU
		{82BE109A-483E-40BF-98B8-A555BCA86111}.Release|Mixed Platforms.ActiveCfg = Release|Any CPU
		{82BE109A-483E-40BF-98B8-A555BCA86111}.Release|Mixed Platforms.Build.0 = Release|Any CPU
		{82BE109A-483E-40BF-98B8-A555BCA86111}.Release|Win32.ActiveCfg = Release|Any CPU
		{3A1B5C84-F8E4-46D6-9D25-81CFE1AF27C1}.Debug|Any CPU.ActiveCfg = Debug|Any CPU
		{3A1B5C84-F8E4-46D6-9D25-81CFE1AF27C1}.Debug|Any CPU.Build.0 = Debug|Any CPU
		{3A1B5C84-F8E4-46D6-9D25-81CFE1AF27C1}.Debug|Mixed Platforms.ActiveCfg = Debug|Any CPU
		{3A1B5C84-F8E4-46D6-9D25-81CFE1AF27C1}.Debug|Mixed Platforms.Build.0 = Debug|Any CPU
		{3A1B5C84-F8E4-46D6-9D25-81CFE1AF27C1}.Debug|Win32.ActiveCfg = Debug|Any CPU
		{3A1B5C84-F8E4-46D6-9D25-81CFE1AF27C1}.Release|Any CPU.ActiveCfg = Release|Any CPU
		{3A1B5C84-F8E4-46D6-9D25-81CFE1AF27C1}.Release|Any CPU.Build.0 = Release|Any CPU
		{3A1B5C84-F8E4-46D6-9D25-81CFE1AF27C1}.Release|Mixed Platforms.ActiveCfg = Release|Any CPU
		{3A1B5C84-F8E4-46D6-9D25-81CFE1AF27C1}.Release|Mixed Platforms.Build.0 = Release|Any CPU
		{3A1B5C84-F8E4-46D6-9D25-81CFE1AF27C1}.Release|Win32.ActiveCfg = Release|Any CPU
		{9EBD5D9A-F4DC-4A75-8348-BCE676C5C795}.Debug|Any CPU.ActiveCfg = Debug|Any CPU
		{9EBD5D9A-F4DC-4A75-8348-BCE676C5C795}.Debug|Any CPU.Build.0 = Debug|Any CPU
		{9EBD5D9A-F4DC-4A75-8348-BCE676C5C795}.Debug|Mixed Platforms.ActiveCfg = Debug|Any CPU
		{9EBD5D9A-F4DC-4A75-8348-BCE676C5C795}.Debug|Mixed Platforms.Build.0 = Debug|Any CPU
		{9EBD5D9A-F4DC-4A75-8348-BCE676C5C795}.Debug|Win32.ActiveCfg = Debug|Any CPU
		{9EBD5D9A-F4DC-4A75-8348-BCE676C5C795}.Release|Any CPU.ActiveCfg = Release|Any CPU
		{9EBD5D9A-F4DC-4A75-8348-BCE676C5C795}.Release|Any CPU.Build.0 = Release|Any CPU
		{9EBD5D9A-F4DC-4A75-8348-BCE676C5C795}.Release|Mixed Platforms.ActiveCfg = Release|Any CPU
		{9EBD5D9A-F4DC-4A75-8348-BCE676C5C795}.Release|Mixed Platforms.Build.0 = Release|Any CPU
		{9EBD5D9A-F4DC-4A75-8348-BCE676C5C795}.Release|Win32.ActiveCfg = Release|Any CPU
		{A2E82216-56CC-45BF-B671-DB8CC464D573}.Debug|Any CPU.ActiveCfg = Debug|Any CPU
		{A2E82216-56CC-45BF-B671-DB8CC464D573}.Debug|Any CPU.Build.0 = Debug|Any CPU
		{A2E82216-56CC-45BF-B671-DB8CC464D573}.Debug|Mixed Platforms.ActiveCfg = Debug|Any CPU
		{A2E82216-56CC-45BF-B671-DB8CC464D573}.Debug|Mixed Platforms.Build.0 = Debug|Any CPU
		{A2E82216-56CC-45BF-B671-DB8CC464D573}.Debug|Win32.ActiveCfg = Debug|Any CPU
		{A2E82216-56CC-45BF-B671-DB8CC464D573}.Release|Any CPU.ActiveCfg = Release|Any CPU
		{A2E82216-56CC-45BF-B671-DB8CC464D573}.Release|Any CPU.Build.0 = Release|Any CPU
		{A2E82216-56CC-45BF-B671-DB8CC464D573}.Release|Mixed Platforms.ActiveCfg = Release|Any CPU
		{A2E82216-56CC-45BF-B671-DB8CC464D573}.Release|Mixed Platforms.Build.0 = Release|Any CPU
		{A2E82216-56CC-45BF-B671-DB8CC464D573}.Release|Win32.ActiveCfg = Release|Any CPU
		{93E896A8-D229-4422-B31B-DF2F2403728E}.Debug|Any CPU.ActiveCfg = Debug|Any CPU
		{93E896A8-D229-4422-B31B-DF2F2403728E}.Debug|Any CPU.Build.0 = Debug|Any CPU
		{93E896A8-D229-4422-B31B-DF2F2403728E}.Debug|Mixed Platforms.ActiveCfg = Debug|Any CPU
		{93E896A8-D229-4422-B31B-DF2F2403728E}.Debug|Mixed Platforms.Build.0 = Debug|Any CPU
		{93E896A8-D229-4422-B31B-DF2F2403728E}.Debug|Win32.ActiveCfg = Debug|Any CPU
		{93E896A8-D229-4422-B31B-DF2F2403728E}.Release|Any CPU.ActiveCfg = Release|Any CPU
		{93E896A8-D229-4422-B31B-DF2F2403728E}.Release|Any CPU.Build.0 = Release|Any CPU
		{93E896A8-D229-4422-B31B-DF2F2403728E}.Release|Mixed Platforms.ActiveCfg = Release|Any CPU
		{93E896A8-D229-4422-B31B-DF2F2403728E}.Release|Mixed Platforms.Build.0 = Release|Any CPU
		{93E896A8-D229-4422-B31B-DF2F2403728E}.Release|Win32.ActiveCfg = Release|Any CPU
		{6992FFB6-C70D-4F8A-A03A-4F663FA370F4}.Debug|Any CPU.ActiveCfg = Debug|Any CPU
		{6992FFB6-C70D-4F8A-A03A-4F663FA370F4}.Debug|Any CPU.Build.0 = Debug|Any CPU
		{6992FFB6-C70D-4F8A-A03A-4F663FA370F4}.Debug|Mixed Platforms.ActiveCfg = Debug|Any CPU
		{6992FFB6-C70D-4F8A-A03A-4F663FA370F4}.Debug|Mixed Platforms.Build.0 = Debug|Any CPU
		{6992FFB6-C70D-4F8A-A03A-4F663FA370F4}.Debug|Win32.ActiveCfg = Debug|Any CPU
		{6992FFB6-C70D-4F8A-A03A-4F663FA370F4}.Release|Any CPU.ActiveCfg = Release|Any CPU
		{6992FFB6-C70D-4F8A-A03A-4F663FA370F4}.Release|Any CPU.Build.0 = Release|Any CPU
		{6992FFB6-C70D-4F8A-A03A-4F663FA370F4}.Release|Mixed Platforms.ActiveCfg = Release|Any CPU
		{6992FFB6-C70D-4F8A-A03A-4F663FA370F4}.Release|Mixed Platforms.Build.0 = Release|Any CPU
		{6992FFB6-C70D-4F8A-A03A-4F663FA370F4}.Release|Win32.ActiveCfg = Release|Any CPU
		{0F72CED6-CDD5-4F97-BB8B-CDB54FC1BEF6}.Debug|Any CPU.ActiveCfg = Debug|Any CPU
		{0F72CED6-CDD5-4F97-BB8B-CDB54FC1BEF6}.Debug|Any CPU.Build.0 = Debug|Any CPU
		{0F72CED6-CDD5-4F97-BB8B-CDB54FC1BEF6}.Debug|Mixed Platforms.ActiveCfg = Debug|Any CPU
		{0F72CED6-CDD5-4F97-BB8B-CDB54FC1BEF6}.Debug|Mixed Platforms.Build.0 = Debug|Any CPU
		{0F72CED6-CDD5-4F97-BB8B-CDB54FC1BEF6}.Debug|Win32.ActiveCfg = Debug|Any CPU
		{0F72CED6-CDD5-4F97-BB8B-CDB54FC1BEF6}.Release|Any CPU.ActiveCfg = Release|Any CPU
		{0F72CED6-CDD5-4F97-BB8B-CDB54FC1BEF6}.Release|Any CPU.Build.0 = Release|Any CPU
		{0F72CED6-CDD5-4F97-BB8B-CDB54FC1BEF6}.Release|Mixed Platforms.ActiveCfg = Release|Any CPU
		{0F72CED6-CDD5-4F97-BB8B-CDB54FC1BEF6}.Release|Mixed Platforms.Build.0 = Release|Any CPU
		{0F72CED6-CDD5-4F97-BB8B-CDB54FC1BEF6}.Release|Win32.ActiveCfg = Release|Any CPU
		{11D4830C-FD83-48B8-96DE-6F51C9C2576C}.Debug|Any CPU.ActiveCfg = Debug|Any CPU
		{11D4830C-FD83-48B8-96DE-6F51C9C2576C}.Debug|Any CPU.Build.0 = Debug|Any CPU
		{11D4830C-FD83-48B8-96DE-6F51C9C2576C}.Debug|Mixed Platforms.ActiveCfg = Debug|Any CPU
		{11D4830C-FD83-48B8-96DE-6F51C9C2576C}.Debug|Mixed Platforms.Build.0 = Debug|Any CPU
		{11D4830C-FD83-48B8-96DE-6F51C9C2576C}.Debug|Win32.ActiveCfg = Debug|Any CPU
		{11D4830C-FD83-48B8-96DE-6F51C9C2576C}.Release|Any CPU.ActiveCfg = Release|Any CPU
		{11D4830C-FD83-48B8-96DE-6F51C9C2576C}.Release|Any CPU.Build.0 = Release|Any CPU
		{11D4830C-FD83-48B8-96DE-6F51C9C2576C}.Release|Mixed Platforms.ActiveCfg = Release|Any CPU
		{11D4830C-FD83-48B8-96DE-6F51C9C2576C}.Release|Mixed Platforms.Build.0 = Release|Any CPU
		{11D4830C-FD83-48B8-96DE-6F51C9C2576C}.Release|Win32.ActiveCfg = Release|Any CPU
		{59E0C0A8-622A-498A-AC66-1C9E0588C74C}.Debug|Any CPU.ActiveCfg = Debug|Any CPU
		{59E0C0A8-622A-498A-AC66-1C9E0588C74C}.Debug|Any CPU.Build.0 = Debug|Any CPU
		{59E0C0A8-622A-498A-AC66-1C9E0588C74C}.Debug|Mixed Platforms.ActiveCfg = Debug|Any CPU
		{59E0C0A8-622A-498A-AC66-1C9E0588C74C}.Debug|Mixed Platforms.Build.0 = Debug|Any CPU
		{59E0C0A8-622A-498A-AC66-1C9E0588C74C}.Debug|Win32.ActiveCfg = Debug|Any CPU
		{59E0C0A8-622A-498A-AC66-1C9E0588C74C}.Release|Any CPU.ActiveCfg = Release|Any CPU
		{59E0C0A8-622A-498A-AC66-1C9E0588C74C}.Release|Any CPU.Build.0 = Release|Any CPU
		{59E0C0A8-622A-498A-AC66-1C9E0588C74C}.Release|Mixed Platforms.ActiveCfg = Release|Any CPU
		{59E0C0A8-622A-498A-AC66-1C9E0588C74C}.Release|Mixed Platforms.Build.0 = Release|Any CPU
		{59E0C0A8-622A-498A-AC66-1C9E0588C74C}.Release|Win32.ActiveCfg = Release|Any CPU
		{B224C596-53F1-48A6-948F-DF3CD2ACD15D}.Debug|Any CPU.ActiveCfg = Debug|Any CPU
		{B224C596-53F1-48A6-948F-DF3CD2ACD15D}.Debug|Any CPU.Build.0 = Debug|Any CPU
		{B224C596-53F1-48A6-948F-DF3CD2ACD15D}.Debug|Mixed Platforms.ActiveCfg = Debug|Any CPU
		{B224C596-53F1-48A6-948F-DF3CD2ACD15D}.Debug|Mixed Platforms.Build.0 = Debug|Any CPU
		{B224C596-53F1-48A6-948F-DF3CD2ACD15D}.Debug|Win32.ActiveCfg = Debug|Any CPU
		{B224C596-53F1-48A6-948F-DF3CD2ACD15D}.Release|Any CPU.ActiveCfg = Release|Any CPU
		{B224C596-53F1-48A6-948F-DF3CD2ACD15D}.Release|Any CPU.Build.0 = Release|Any CPU
		{B224C596-53F1-48A6-948F-DF3CD2ACD15D}.Release|Mixed Platforms.ActiveCfg = Release|Any CPU
		{B224C596-53F1-48A6-948F-DF3CD2ACD15D}.Release|Mixed Platforms.Build.0 = Release|Any CPU
		{B224C596-53F1-48A6-948F-DF3CD2ACD15D}.Release|Win32.ActiveCfg = Release|Any CPU
		{F20D05CE-1EEE-4DE6-A457-37CEEFB39EEC}.Debug|Any CPU.ActiveCfg = Debug|Any CPU
		{F20D05CE-1EEE-4DE6-A457-37CEEFB39EEC}.Debug|Any CPU.Build.0 = Debug|Any CPU
		{F20D05CE-1EEE-4DE6-A457-37CEEFB39EEC}.Debug|Mixed Platforms.ActiveCfg = Debug|Any CPU
		{F20D05CE-1EEE-4DE6-A457-37CEEFB39EEC}.Debug|Mixed Platforms.Build.0 = Debug|Any CPU
		{F20D05CE-1EEE-4DE6-A457-37CEEFB39EEC}.Debug|Win32.ActiveCfg = Debug|Any CPU
		{F20D05CE-1EEE-4DE6-A457-37CEEFB39EEC}.Release|Any CPU.ActiveCfg = Release|Any CPU
		{F20D05CE-1EEE-4DE6-A457-37CEEFB39EEC}.Release|Any CPU.Build.0 = Release|Any CPU
		{F20D05CE-1EEE-4DE6-A457-37CEEFB39EEC}.Release|Mixed Platforms.ActiveCfg = Release|Any CPU
		{F20D05CE-1EEE-4DE6-A457-37CEEFB39EEC}.Release|Mixed Platforms.Build.0 = Release|Any CPU
		{F20D05CE-1EEE-4DE6-A457-37CEEFB39EEC}.Release|Win32.ActiveCfg = Release|Any CPU
	EndGlobalSection
	GlobalSection(SolutionProperties) = preSolution
		HideSolutionNode = FALSE
	EndGlobalSection
	GlobalSection(NestedProjects) = preSolution
		{B07CEC69-B35A-4435-9E83-D7AD4E1F236E} = {3B87CA1E-85FA-456C-ADF0-6B53AFF9EE9E}
		{B224C596-53F1-48A6-948F-DF3CD2ACD15D} = {3B87CA1E-85FA-456C-ADF0-6B53AFF9EE9E}
		{173FF5C0-5631-47AD-AF9E-16442858C080} = {6A5C4C61-BE33-460B-BAF5-7E74DCFE7317}
		{11F8922E-2EEB-4229-BA7C-1D44843C4EDA} = {6A5C4C61-BE33-460B-BAF5-7E74DCFE7317}
		{193902DC-242C-4DBA-B173-EE154E813C4B} = {6A5C4C61-BE33-460B-BAF5-7E74DCFE7317}
		{82BE109A-483E-40BF-98B8-A555BCA86111} = {6A5C4C61-BE33-460B-BAF5-7E74DCFE7317}
		{C663D999-757F-442B-B755-904A56634F40} = {2C42D1E9-A0E8-4E96-BE75-578C5848C625}
		{DD11E326-149A-43DC-9591-9C281F55C3A9} = {2C42D1E9-A0E8-4E96-BE75-578C5848C625}
		{A2E82216-56CC-45BF-B671-DB8CC464D573} = {2C42D1E9-A0E8-4E96-BE75-578C5848C625}
		{3A1B5C84-F8E4-46D6-9D25-81CFE1AF27C1} = {C663D999-757F-442B-B755-904A56634F40}
		{9EBD5D9A-F4DC-4A75-8348-BCE676C5C795} = {C663D999-757F-442B-B755-904A56634F40}
		{F20D05CE-1EEE-4DE6-A457-37CEEFB39EEC} = {DD11E326-149A-43DC-9591-9C281F55C3A9}
		{93E896A8-D229-4422-B31B-DF2F2403728E} = {32D121FF-079E-402E-9A1E-C1049913BEF9}
		{0F72CED6-CDD5-4F97-BB8B-CDB54FC1BEF6} = {32D121FF-079E-402E-9A1E-C1049913BEF9}
		{6992FFB6-C70D-4F8A-A03A-4F663FA370F4} = {E958B8C0-AC89-400A-83F9-BB239A2DCD93}
		{11D4830C-FD83-48B8-96DE-6F51C9C2576C} = {E958B8C0-AC89-400A-83F9-BB239A2DCD93}
		{59E0C0A8-622A-498A-AC66-1C9E0588C74C} = {E958B8C0-AC89-400A-83F9-BB239A2DCD93}
	EndGlobalSection
EndGlobal
