
Microsoft Visual Studio Solution File, Format Version 12.00
# Visual Studio 2013
VisualStudioVersion = 12.0.21005.1
MinimumVisualStudioVersion = 10.0.40219.1
Project("{FAE04EC0-301F-11D3-BF4B-00C04F79EFBC}") = "OPCApp_Main", "OPCApp_Main\OPCApp_Main.csproj", "{4F877CE6-D317-4858-903E-E3B0893FCE67}"
EndProject
Project("{FAE04EC0-301F-11D3-BF4B-00C04F79EFBC}") = "OPCApp.Main.Controls", "OPCApp.Main.Controls\OPCApp.Main.Controls.csproj", "{C8950BAF-06A5-4AF3-964A-55B18B0E0B9F}"
EndProject
Project("{FAE04EC0-301F-11D3-BF4B-00C04F79EFBC}") = "OPCApp.Main.Infrastructure", "OPCApp.Main.Infrastructure\OPCApp.Main.Infrastructure.csproj", "{55AA526E-1A89-4A8E-B648-8DE5DE2FD1E5}"
EndProject
Project("{FAE04EC0-301F-11D3-BF4B-00C04F79EFBC}") = "OPCApp.Order", "OPCApp.Order\OPCApp.Order.csproj", "{006B987F-8E52-45BB-BFF4-6D3DFA278AB9}"
EndProject
Project("{FAE04EC0-301F-11D3-BF4B-00C04F79EFBC}") = "OPCAPP.DataService", "OPCAPP.DataService\OPCAPP.DataService.csproj", "{6938948D-192F-473D-92BB-4AE97B115536}"
EndProject
Project("{FAE04EC0-301F-11D3-BF4B-00C04F79EFBC}") = "OPCAPP.Domain", "OPCAPP.Domain\OPCAPP.Domain.csproj", "{153825C7-D458-4478-992F-3F1B1904F3A9}"
EndProject
Project("{FAE04EC0-301F-11D3-BF4B-00C04F79EFBC}") = "OPCAPP.Common", "OPCAPP.Common\OPCAPP.Common.csproj", "{9D9E5D0E-3E34-4C75-84E7-DB07F0C74EF8}"
EndProject
Project("{FAE04EC0-301F-11D3-BF4B-00C04F79EFBC}") = "OPCApp.AuthManage", "OPCApp.AuthManage\OPCApp.AuthManage.csproj", "{F354057B-1212-496C-9738-30590624A3EC}"
EndProject
Project("{FAE04EC0-301F-11D3-BF4B-00C04F79EFBC}") = "OPCApp.BaseInfoManage", "OPCApp.BaseInfoManage\OPCApp.BaseInfoManage.csproj", "{23D22B9E-465D-415C-92EA-52B93465A55E}"
EndProject
Project("{2150E333-8FDC-42A3-9474-1A3956D46DE8}") = "Module", "Module", "{592715FF-B145-440C-A670-F150465433CD}"
EndProject
Project("{2150E333-8FDC-42A3-9474-1A3956D46DE8}") = "Infrastructure", "Infrastructure", "{12362299-86B4-4C6E-8574-C71051CFA1B5}"
EndProject
Project("{2150E333-8FDC-42A3-9474-1A3956D46DE8}") = "Common", "Common", "{4466D678-125B-48FF-A229-8AE7C510D6F9}"
EndProject
Project("{2150E333-8FDC-42A3-9474-1A3956D46DE8}") = "DataService", "DataService", "{0027FA9B-A812-403F-89EE-6F600D9E1518}"
EndProject
Project("{2150E333-8FDC-42A3-9474-1A3956D46DE8}") = "Domain", "Domain", "{1D6F97CE-3597-4164-9DED-D0A938835AD0}"
EndProject
Project("{FAE04EC0-301F-11D3-BF4B-00C04F79EFBC}") = "OPCApp.TransManage", "OPCApp.TransManage\OPCApp.TransManage.csproj", "{58CBE625-8DF4-4487-B984-F64D1349C169}"
EndProject
Global
	GlobalSection(SolutionConfigurationPlatforms) = preSolution
		Debug|Any CPU = Debug|Any CPU
		Release|Any CPU = Release|Any CPU
	EndGlobalSection
	GlobalSection(ProjectConfigurationPlatforms) = postSolution
		{4F877CE6-D317-4858-903E-E3B0893FCE67}.Debug|Any CPU.ActiveCfg = Debug|Any CPU
		{4F877CE6-D317-4858-903E-E3B0893FCE67}.Debug|Any CPU.Build.0 = Debug|Any CPU
		{4F877CE6-D317-4858-903E-E3B0893FCE67}.Release|Any CPU.ActiveCfg = Release|Any CPU
		{4F877CE6-D317-4858-903E-E3B0893FCE67}.Release|Any CPU.Build.0 = Release|Any CPU
		{C8950BAF-06A5-4AF3-964A-55B18B0E0B9F}.Debug|Any CPU.ActiveCfg = Debug|Any CPU
		{C8950BAF-06A5-4AF3-964A-55B18B0E0B9F}.Debug|Any CPU.Build.0 = Debug|Any CPU
		{C8950BAF-06A5-4AF3-964A-55B18B0E0B9F}.Release|Any CPU.ActiveCfg = Release|Any CPU
		{C8950BAF-06A5-4AF3-964A-55B18B0E0B9F}.Release|Any CPU.Build.0 = Release|Any CPU
		{55AA526E-1A89-4A8E-B648-8DE5DE2FD1E5}.Debug|Any CPU.ActiveCfg = Debug|Any CPU
		{55AA526E-1A89-4A8E-B648-8DE5DE2FD1E5}.Debug|Any CPU.Build.0 = Debug|Any CPU
		{55AA526E-1A89-4A8E-B648-8DE5DE2FD1E5}.Release|Any CPU.ActiveCfg = Release|Any CPU
		{55AA526E-1A89-4A8E-B648-8DE5DE2FD1E5}.Release|Any CPU.Build.0 = Release|Any CPU
		{006B987F-8E52-45BB-BFF4-6D3DFA278AB9}.Debug|Any CPU.ActiveCfg = Debug|Any CPU
		{006B987F-8E52-45BB-BFF4-6D3DFA278AB9}.Debug|Any CPU.Build.0 = Debug|Any CPU
		{006B987F-8E52-45BB-BFF4-6D3DFA278AB9}.Release|Any CPU.ActiveCfg = Release|Any CPU
		{006B987F-8E52-45BB-BFF4-6D3DFA278AB9}.Release|Any CPU.Build.0 = Release|Any CPU
		{6938948D-192F-473D-92BB-4AE97B115536}.Debug|Any CPU.ActiveCfg = Debug|Any CPU
		{6938948D-192F-473D-92BB-4AE97B115536}.Debug|Any CPU.Build.0 = Debug|Any CPU
		{6938948D-192F-473D-92BB-4AE97B115536}.Release|Any CPU.ActiveCfg = Release|Any CPU
		{6938948D-192F-473D-92BB-4AE97B115536}.Release|Any CPU.Build.0 = Release|Any CPU
		{153825C7-D458-4478-992F-3F1B1904F3A9}.Debug|Any CPU.ActiveCfg = Debug|Any CPU
		{153825C7-D458-4478-992F-3F1B1904F3A9}.Debug|Any CPU.Build.0 = Debug|Any CPU
		{153825C7-D458-4478-992F-3F1B1904F3A9}.Release|Any CPU.ActiveCfg = Release|Any CPU
		{153825C7-D458-4478-992F-3F1B1904F3A9}.Release|Any CPU.Build.0 = Release|Any CPU
		{9D9E5D0E-3E34-4C75-84E7-DB07F0C74EF8}.Debug|Any CPU.ActiveCfg = Debug|Any CPU
		{9D9E5D0E-3E34-4C75-84E7-DB07F0C74EF8}.Debug|Any CPU.Build.0 = Debug|Any CPU
		{9D9E5D0E-3E34-4C75-84E7-DB07F0C74EF8}.Release|Any CPU.ActiveCfg = Release|Any CPU
		{9D9E5D0E-3E34-4C75-84E7-DB07F0C74EF8}.Release|Any CPU.Build.0 = Release|Any CPU
		{F354057B-1212-496C-9738-30590624A3EC}.Debug|Any CPU.ActiveCfg = Debug|Any CPU
		{F354057B-1212-496C-9738-30590624A3EC}.Debug|Any CPU.Build.0 = Debug|Any CPU
		{F354057B-1212-496C-9738-30590624A3EC}.Release|Any CPU.ActiveCfg = Release|Any CPU
		{F354057B-1212-496C-9738-30590624A3EC}.Release|Any CPU.Build.0 = Release|Any CPU
		{23D22B9E-465D-415C-92EA-52B93465A55E}.Debug|Any CPU.ActiveCfg = Debug|Any CPU
		{23D22B9E-465D-415C-92EA-52B93465A55E}.Debug|Any CPU.Build.0 = Debug|Any CPU
		{23D22B9E-465D-415C-92EA-52B93465A55E}.Release|Any CPU.ActiveCfg = Release|Any CPU
		{23D22B9E-465D-415C-92EA-52B93465A55E}.Release|Any CPU.Build.0 = Release|Any CPU
		{58CBE625-8DF4-4487-B984-F64D1349C169}.Debug|Any CPU.ActiveCfg = Debug|Any CPU
		{58CBE625-8DF4-4487-B984-F64D1349C169}.Debug|Any CPU.Build.0 = Debug|Any CPU
		{58CBE625-8DF4-4487-B984-F64D1349C169}.Release|Any CPU.ActiveCfg = Release|Any CPU
		{58CBE625-8DF4-4487-B984-F64D1349C169}.Release|Any CPU.Build.0 = Release|Any CPU
	EndGlobalSection
	GlobalSection(SolutionProperties) = preSolution
		HideSolutionNode = FALSE
	EndGlobalSection
	GlobalSection(NestedProjects) = preSolution
		{9D9E5D0E-3E34-4C75-84E7-DB07F0C74EF8} = {4466D678-125B-48FF-A229-8AE7C510D6F9}
		{C8950BAF-06A5-4AF3-964A-55B18B0E0B9F} = {4466D678-125B-48FF-A229-8AE7C510D6F9}
		{55AA526E-1A89-4A8E-B648-8DE5DE2FD1E5} = {12362299-86B4-4C6E-8574-C71051CFA1B5}
		{F354057B-1212-496C-9738-30590624A3EC} = {592715FF-B145-440C-A670-F150465433CD}
		{23D22B9E-465D-415C-92EA-52B93465A55E} = {592715FF-B145-440C-A670-F150465433CD}
		{006B987F-8E52-45BB-BFF4-6D3DFA278AB9} = {592715FF-B145-440C-A670-F150465433CD}
		{58CBE625-8DF4-4487-B984-F64D1349C169} = {592715FF-B145-440C-A670-F150465433CD}
		{6938948D-192F-473D-92BB-4AE97B115536} = {0027FA9B-A812-403F-89EE-6F600D9E1518}
		{153825C7-D458-4478-992F-3F1B1904F3A9} = {1D6F97CE-3597-4164-9DED-D0A938835AD0}
	EndGlobalSection
	GlobalSection(TestCaseManagementSettings) = postSolution
		CategoryFile = CAL.vsmdi
	EndGlobalSection
EndGlobal
