
Microsoft Visual Studio Solution File, Format Version 12.00
# Visual Studio 2012
Project("{FAE04EC0-301F-11D3-BF4B-00C04F79EFBC}") = "Yintai.Architecture.Common", "Yintai.Architecture.Common\Yintai.Architecture.Common.csproj", "{59E0C0A8-622A-498A-AC66-1C9E0588C74C}"
EndProject
Project("{FAE04EC0-301F-11D3-BF4B-00C04F79EFBC}") = "Yintai.Architecture.Framework", "Yintai.Architecture.Framework\Yintai.Architecture.Framework.csproj", "{11D4830C-FD83-48B8-96DE-6F51C9C2576C}"
EndProject
Project("{FAE04EC0-301F-11D3-BF4B-00C04F79EFBC}") = "Yintai.Architecture.ImageClient", "Yintai.Architecture.ImageClient\Yintai.Architecture.ImageClient.csproj", "{D9C4AD63-A6A4-4076-9A8C-03EFE93F62B4}"
EndProject
Project("{FAE04EC0-301F-11D3-BF4B-00C04F79EFBC}") = "Yintai.Architecture.ImageTool", "Yintai.Architecture.ImageTool\Yintai.Architecture.ImageTool.csproj", "{19B4BE47-1AA2-4826-ADDE-068EB1EC4127}"
EndProject
Global
	GlobalSection(SolutionConfigurationPlatforms) = preSolution
		Debug|Any CPU = Debug|Any CPU
		Release|Any CPU = Release|Any CPU
	EndGlobalSection
	GlobalSection(ProjectConfigurationPlatforms) = postSolution
		{59E0C0A8-622A-498A-AC66-1C9E0588C74C}.Debug|Any CPU.ActiveCfg = Debug|Any CPU
		{59E0C0A8-622A-498A-AC66-1C9E0588C74C}.Debug|Any CPU.Build.0 = Debug|Any CPU
		{59E0C0A8-622A-498A-AC66-1C9E0588C74C}.Release|Any CPU.ActiveCfg = Release|Any CPU
		{59E0C0A8-622A-498A-AC66-1C9E0588C74C}.Release|Any CPU.Build.0 = Release|Any CPU
		{11D4830C-FD83-48B8-96DE-6F51C9C2576C}.Debug|Any CPU.ActiveCfg = Debug|Any CPU
		{11D4830C-FD83-48B8-96DE-6F51C9C2576C}.Debug|Any CPU.Build.0 = Debug|Any CPU
		{11D4830C-FD83-48B8-96DE-6F51C9C2576C}.Release|Any CPU.ActiveCfg = Release|Any CPU
		{11D4830C-FD83-48B8-96DE-6F51C9C2576C}.Release|Any CPU.Build.0 = Release|Any CPU
		{D9C4AD63-A6A4-4076-9A8C-03EFE93F62B4}.Debug|Any CPU.ActiveCfg = Debug|Any CPU
		{D9C4AD63-A6A4-4076-9A8C-03EFE93F62B4}.Debug|Any CPU.Build.0 = Debug|Any CPU
		{D9C4AD63-A6A4-4076-9A8C-03EFE93F62B4}.Release|Any CPU.ActiveCfg = Release|Any CPU
		{D9C4AD63-A6A4-4076-9A8C-03EFE93F62B4}.Release|Any CPU.Build.0 = Release|Any CPU
		{19B4BE47-1AA2-4826-ADDE-068EB1EC4127}.Debug|Any CPU.ActiveCfg = Debug|Any CPU
		{19B4BE47-1AA2-4826-ADDE-068EB1EC4127}.Debug|Any CPU.Build.0 = Debug|Any CPU
		{19B4BE47-1AA2-4826-ADDE-068EB1EC4127}.Release|Any CPU.ActiveCfg = Release|Any CPU
		{19B4BE47-1AA2-4826-ADDE-068EB1EC4127}.Release|Any CPU.Build.0 = Release|Any CPU
	EndGlobalSection
	GlobalSection(SolutionProperties) = preSolution
		HideSolutionNode = FALSE
	EndGlobalSection
EndGlobal
